// !$*UTF8*$!
{
	archiveVersion = 1;
	classes = {
	};
	objectVersion = 56;
	objects = {

/* Begin PBXBuildFile section */
		4B1A32352CD8DC5600C5F66E /* AnimalDetailView.swift in Sources */ = {isa = PBXBuildFile; fileRef = 4B1A32342CD8DC5600C5F66E /* AnimalDetailView.swift */; };
		4B1A32382CD8DC9D00C5F66E /* Utils.swift in Sources */ = {isa = PBXBuildFile; fileRef = 4B1A32372CD8DC9D00C5F66E /* Utils.swift */; };
		4B4C31D82CD9DD72007270DE /* HeadingView.swift in Sources */ = {isa = PBXBuildFile; fileRef = 4B4C31D72CD9DD72007270DE /* HeadingView.swift */; };
		4B4C31DC2CD9DEEA007270DE /* InsertGalleryView.swift in Sources */ = {isa = PBXBuildFile; fileRef = 4B4C31DB2CD9DEEA007270DE /* InsertGalleryView.swift */; };
		4B4C31DE2CD9E532007270DE /* InsertFactView.swift in Sources */ = {isa = PBXBuildFile; fileRef = 4B4C31DD2CD9E532007270DE /* InsertFactView.swift */; };
		4B4DA9912CDB2A2F00A966C1 /* InsertMapView.swift in Sources */ = {isa = PBXBuildFile; fileRef = 4B4DA9902CDB2A2F00A966C1 /* InsertMapView.swift */; };
		4B4DA9932CDB369F00A966C1 /* ExternalWebLinkView.swift in Sources */ = {isa = PBXBuildFile; fileRef = 4B4DA9922CDB369F00A966C1 /* ExternalWebLinkView.swift */; };
		4B4DA9952CDB3E3700A966C1 /* VideoModel.swift in Sources */ = {isa = PBXBuildFile; fileRef = 4B4DA9942CDB3E3700A966C1 /* VideoModel.swift */; };
		4B4DA9972CDB3EE900A966C1 /* VideoListItemView.swift in Sources */ = {isa = PBXBuildFile; fileRef = 4B4DA9962CDB3EE900A966C1 /* VideoListItemView.swift */; };
		4B75449A2CDC7A8700C0EE86 /* LocationModel.swift in Sources */ = {isa = PBXBuildFile; fileRef = 4B7544992CDC7A8700C0EE86 /* LocationModel.swift */; };
		4B75449C2CDC846900C0EE86 /* MapAnnotationView.swift in Sources */ = {isa = PBXBuildFile; fileRef = 4B75449B2CDC846900C0EE86 /* MapAnnotationView.swift */; };
		4B75449E2CDC96DB00C0EE86 /* MotionAnimationView.swift in Sources */ = {isa = PBXBuildFile; fileRef = 4B75449D2CDC96DA00C0EE86 /* MotionAnimationView.swift */; };
		4B7D2AC12CD88B5F00EF4E01 /* AfricaApp.swift in Sources */ = {isa = PBXBuildFile; fileRef = 4B7D2AC02CD88B5F00EF4E01 /* AfricaApp.swift */; };
		4B7D2AC32CD88B5F00EF4E01 /* ContentView.swift in Sources */ = {isa = PBXBuildFile; fileRef = 4B7D2AC22CD88B5F00EF4E01 /* ContentView.swift */; };
		4B7D2AC52CD88B5F00EF4E01 /* Assets.xcassets in Resources */ = {isa = PBXBuildFile; fileRef = 4B7D2AC42CD88B5F00EF4E01 /* Assets.xcassets */; };
		4B7D2AC82CD88B5F00EF4E01 /* Preview Assets.xcassets in Resources */ = {isa = PBXBuildFile; fileRef = 4B7D2AC72CD88B5F00EF4E01 /* Preview Assets.xcassets */; };
		4B7D2AD92CD88CF300EF4E01 /* giraffe.mp4 in Resources */ = {isa = PBXBuildFile; fileRef = 4B7D2ACF2CD88CF300EF4E01 /* giraffe.mp4 */; };
		4B7D2ADA2CD88CF300EF4E01 /* gorilla.mp4 in Resources */ = {isa = PBXBuildFile; fileRef = 4B7D2AD02CD88CF300EF4E01 /* gorilla.mp4 */; };
		4B7D2ADB2CD88CF300EF4E01 /* ostrich.mp4 in Resources */ = {isa = PBXBuildFile; fileRef = 4B7D2AD12CD88CF300EF4E01 /* ostrich.mp4 */; };
		4B7D2ADC2CD88CF300EF4E01 /* zebra.mp4 in Resources */ = {isa = PBXBuildFile; fileRef = 4B7D2AD22CD88CF300EF4E01 /* zebra.mp4 */; };
		4B7D2ADD2CD88CF300EF4E01 /* cheetah.mp4 in Resources */ = {isa = PBXBuildFile; fileRef = 4B7D2AD32CD88CF300EF4E01 /* cheetah.mp4 */; };
		4B7D2ADE2CD88CF300EF4E01 /* hippo.mp4 in Resources */ = {isa = PBXBuildFile; fileRef = 4B7D2AD42CD88CF300EF4E01 /* hippo.mp4 */; };
		4B7D2ADF2CD88CF300EF4E01 /* lioness.mp4 in Resources */ = {isa = PBXBuildFile; fileRef = 4B7D2AD52CD88CF300EF4E01 /* lioness.mp4 */; };
		4B7D2AE02CD88CF300EF4E01 /* lion.mp4 in Resources */ = {isa = PBXBuildFile; fileRef = 4B7D2AD62CD88CF300EF4E01 /* lion.mp4 */; };
		4B7D2AE12CD88CF300EF4E01 /* rhino.mp4 in Resources */ = {isa = PBXBuildFile; fileRef = 4B7D2AD72CD88CF300EF4E01 /* rhino.mp4 */; };
		4B7D2AE22CD88CF300EF4E01 /* elephant.mp4 in Resources */ = {isa = PBXBuildFile; fileRef = 4B7D2AD82CD88CF300EF4E01 /* elephant.mp4 */; };
		4B8F569B2CE1F90C0018E02A /* AnimalGridItemView.swift in Sources */ = {isa = PBXBuildFile; fileRef = 4B8F569A2CE1F90C0018E02A /* AnimalGridItemView.swift */; };
		4B8F56A12CE205760018E02A /* Stickers.xcassets in Resources */ = {isa = PBXBuildFile; fileRef = 4B8F56A02CE205760018E02A /* Stickers.xcassets */; };
		4B8F56A52CE205760018E02A /* Sticker.appex in Embed Foundation Extensions */ = {isa = PBXBuildFile; fileRef = 4B8F569E2CE205750018E02A /* Sticker.appex */; settings = {ATTRIBUTES = (RemoveHeadersOnCopy, ); }; };
		4B8F56AB2CE20A8C0018E02A /* CopyrightsView.swift in Sources */ = {isa = PBXBuildFile; fileRef = 4B8F56AA2CE20A8C0018E02A /* CopyrightsView.swift */; };
		4B8F56AD2CE20D070018E02A /* CenterModifier.swift in Sources */ = {isa = PBXBuildFile; fileRef = 4B8F56AC2CE20D070018E02A /* CenterModifier.swift */; };
		4BD9CC562CD88D68001D7947 /* covers.json in Resources */ = {isa = PBXBuildFile; fileRef = 4BD9CC522CD88D68001D7947 /* covers.json */; };
		4BD9CC572CD88D68001D7947 /* locations.json in Resources */ = {isa = PBXBuildFile; fileRef = 4BD9CC532CD88D68001D7947 /* locations.json */; };
		4BD9CC582CD88D68001D7947 /* animals.json in Resources */ = {isa = PBXBuildFile; fileRef = 4BD9CC542CD88D68001D7947 /* animals.json */; };
		4BD9CC592CD88D68001D7947 /* videos.json in Resources */ = {isa = PBXBuildFile; fileRef = 4BD9CC552CD88D68001D7947 /* videos.json */; };
		4BD9CC5D2CD88F9B001D7947 /* VideoListView.swift in Sources */ = {isa = PBXBuildFile; fileRef = 4BD9CC5C2CD88F9B001D7947 /* VideoListView.swift */; };
		4BD9CC5F2CD88FAB001D7947 /* MapView.swift in Sources */ = {isa = PBXBuildFile; fileRef = 4BD9CC5E2CD88FAB001D7947 /* MapView.swift */; };
		4BD9CC612CD88FC5001D7947 /* GalleryView.swift in Sources */ = {isa = PBXBuildFile; fileRef = 4BD9CC602CD88FC5001D7947 /* GalleryView.swift */; };
		4BD9CC632CD8902E001D7947 /* MainView.swift in Sources */ = {isa = PBXBuildFile; fileRef = 4BD9CC622CD8902E001D7947 /* MainView.swift */; };
		4BD9CC662CD895EA001D7947 /* CoverImageView.swift in Sources */ = {isa = PBXBuildFile; fileRef = 4BD9CC652CD895EA001D7947 /* CoverImageView.swift */; };
		4BD9CC692CD89807001D7947 /* CoverImageModel.swift in Sources */ = {isa = PBXBuildFile; fileRef = 4BD9CC682CD89807001D7947 /* CoverImageModel.swift */; };
		4BD9CC6C2CD89A45001D7947 /* Extensions.swift in Sources */ = {isa = PBXBuildFile; fileRef = 4BD9CC6B2CD89A45001D7947 /* Extensions.swift */; };
		4BD9CC6E2CD8A362001D7947 /* AnimalListItemView.swift in Sources */ = {isa = PBXBuildFile; fileRef = 4BD9CC6D2CD8A362001D7947 /* AnimalListItemView.swift */; };
		4BD9CC702CD8A74A001D7947 /* AnimalModel.swift in Sources */ = {isa = PBXBuildFile; fileRef = 4BD9CC6F2CD8A74A001D7947 /* AnimalModel.swift */; };
		4BED0A782CDB6058006DFADA /* VideoPlayerView.swift in Sources */ = {isa = PBXBuildFile; fileRef = 4BED0A772CDB6058006DFADA /* VideoPlayerView.swift */; };
		4BED0A7B2CDB617E006DFADA /* VideoPlayerHelper.swift in Sources */ = {isa = PBXBuildFile; fileRef = 4BED0A7A2CDB617E006DFADA /* VideoPlayerHelper.swift */; };
/* End PBXBuildFile section */

/* Begin PBXContainerItemProxy section */
		4B8F56A32CE205760018E02A /* PBXContainerItemProxy */ = {
			isa = PBXContainerItemProxy;
			containerPortal = 4B7D2AB52CD88B5F00EF4E01 /* Project object */;
			proxyType = 1;
			remoteGlobalIDString = 4B8F569D2CE205750018E02A;
			remoteInfo = Sticker;
		};
/* End PBXContainerItemProxy section */

/* Begin PBXCopyFilesBuildPhase section */
		4B8F56A92CE205760018E02A /* Embed Foundation Extensions */ = {
			isa = PBXCopyFilesBuildPhase;
			buildActionMask = 2147483647;
			dstPath = "";
			dstSubfolderSpec = 13;
			files = (
				4B8F56A52CE205760018E02A /* Sticker.appex in Embed Foundation Extensions */,
			);
			name = "Embed Foundation Extensions";
			runOnlyForDeploymentPostprocessing = 0;
		};
/* End PBXCopyFilesBuildPhase section */

/* Begin PBXFileReference section */
		4B1A32342CD8DC5600C5F66E /* AnimalDetailView.swift */ = {isa = PBXFileReference; lastKnownFileType = sourcecode.swift; path = AnimalDetailView.swift; sourceTree = "<group>"; };
		4B1A32372CD8DC9D00C5F66E /* Utils.swift */ = {isa = PBXFileReference; lastKnownFileType = sourcecode.swift; path = Utils.swift; sourceTree = "<group>"; };
		4B4C31D72CD9DD72007270DE /* HeadingView.swift */ = {isa = PBXFileReference; lastKnownFileType = sourcecode.swift; path = HeadingView.swift; sourceTree = "<group>"; };
		4B4C31DB2CD9DEEA007270DE /* InsertGalleryView.swift */ = {isa = PBXFileReference; lastKnownFileType = sourcecode.swift; path = InsertGalleryView.swift; sourceTree = "<group>"; };
		4B4C31DD2CD9E532007270DE /* InsertFactView.swift */ = {isa = PBXFileReference; lastKnownFileType = sourcecode.swift; path = InsertFactView.swift; sourceTree = "<group>"; };
		4B4DA9902CDB2A2F00A966C1 /* InsertMapView.swift */ = {isa = PBXFileReference; lastKnownFileType = sourcecode.swift; path = InsertMapView.swift; sourceTree = "<group>"; };
		4B4DA9922CDB369F00A966C1 /* ExternalWebLinkView.swift */ = {isa = PBXFileReference; lastKnownFileType = sourcecode.swift; path = ExternalWebLinkView.swift; sourceTree = "<group>"; };
		4B4DA9942CDB3E3700A966C1 /* VideoModel.swift */ = {isa = PBXFileReference; lastKnownFileType = sourcecode.swift; path = VideoModel.swift; sourceTree = "<group>"; };
		4B4DA9962CDB3EE900A966C1 /* VideoListItemView.swift */ = {isa = PBXFileReference; lastKnownFileType = sourcecode.swift; path = VideoListItemView.swift; sourceTree = "<group>"; };
		4B7544992CDC7A8700C0EE86 /* LocationModel.swift */ = {isa = PBXFileReference; lastKnownFileType = sourcecode.swift; path = LocationModel.swift; sourceTree = "<group>"; };
		4B75449B2CDC846900C0EE86 /* MapAnnotationView.swift */ = {isa = PBXFileReference; lastKnownFileType = sourcecode.swift; path = MapAnnotationView.swift; sourceTree = "<group>"; };
		4B75449D2CDC96DA00C0EE86 /* MotionAnimationView.swift */ = {isa = PBXFileReference; lastKnownFileType = sourcecode.swift; path = MotionAnimationView.swift; sourceTree = "<group>"; };
		4B7D2ABD2CD88B5F00EF4E01 /* Africa.app */ = {isa = PBXFileReference; explicitFileType = wrapper.application; includeInIndex = 0; path = Africa.app; sourceTree = BUILT_PRODUCTS_DIR; };
		4B7D2AC02CD88B5F00EF4E01 /* AfricaApp.swift */ = {isa = PBXFileReference; lastKnownFileType = sourcecode.swift; path = AfricaApp.swift; sourceTree = "<group>"; };
		4B7D2AC22CD88B5F00EF4E01 /* ContentView.swift */ = {isa = PBXFileReference; lastKnownFileType = sourcecode.swift; path = ContentView.swift; sourceTree = "<group>"; };
		4B7D2AC42CD88B5F00EF4E01 /* Assets.xcassets */ = {isa = PBXFileReference; lastKnownFileType = folder.assetcatalog; path = Assets.xcassets; sourceTree = "<group>"; };
		4B7D2AC72CD88B5F00EF4E01 /* Preview Assets.xcassets */ = {isa = PBXFileReference; lastKnownFileType = folder.assetcatalog; path = "Preview Assets.xcassets"; sourceTree = "<group>"; };
		4B7D2ACF2CD88CF300EF4E01 /* giraffe.mp4 */ = {isa = PBXFileReference; lastKnownFileType = file; path = giraffe.mp4; sourceTree = "<group>"; };
		4B7D2AD02CD88CF300EF4E01 /* gorilla.mp4 */ = {isa = PBXFileReference; lastKnownFileType = file; path = gorilla.mp4; sourceTree = "<group>"; };
		4B7D2AD12CD88CF300EF4E01 /* ostrich.mp4 */ = {isa = PBXFileReference; lastKnownFileType = file; path = ostrich.mp4; sourceTree = "<group>"; };
		4B7D2AD22CD88CF300EF4E01 /* zebra.mp4 */ = {isa = PBXFileReference; lastKnownFileType = file; path = zebra.mp4; sourceTree = "<group>"; };
		4B7D2AD32CD88CF300EF4E01 /* cheetah.mp4 */ = {isa = PBXFileReference; lastKnownFileType = file; path = cheetah.mp4; sourceTree = "<group>"; };
		4B7D2AD42CD88CF300EF4E01 /* hippo.mp4 */ = {isa = PBXFileReference; lastKnownFileType = file; path = hippo.mp4; sourceTree = "<group>"; };
		4B7D2AD52CD88CF300EF4E01 /* lioness.mp4 */ = {isa = PBXFileReference; lastKnownFileType = file; path = lioness.mp4; sourceTree = "<group>"; };
		4B7D2AD62CD88CF300EF4E01 /* lion.mp4 */ = {isa = PBXFileReference; lastKnownFileType = file; path = lion.mp4; sourceTree = "<group>"; };
		4B7D2AD72CD88CF300EF4E01 /* rhino.mp4 */ = {isa = PBXFileReference; lastKnownFileType = file; path = rhino.mp4; sourceTree = "<group>"; };
		4B7D2AD82CD88CF300EF4E01 /* elephant.mp4 */ = {isa = PBXFileReference; lastKnownFileType = file; path = elephant.mp4; sourceTree = "<group>"; };
		4B8F569A2CE1F90C0018E02A /* AnimalGridItemView.swift */ = {isa = PBXFileReference; lastKnownFileType = sourcecode.swift; path = AnimalGridItemView.swift; sourceTree = "<group>"; };
		4B8F569E2CE205750018E02A /* Sticker.appex */ = {isa = PBXFileReference; explicitFileType = "wrapper.app-extension"; includeInIndex = 0; path = Sticker.appex; sourceTree = BUILT_PRODUCTS_DIR; };
		4B8F56A02CE205760018E02A /* Stickers.xcassets */ = {isa = PBXFileReference; lastKnownFileType = folder.assetcatalog; path = Stickers.xcassets; sourceTree = "<group>"; };
		4B8F56A22CE205760018E02A /* Info.plist */ = {isa = PBXFileReference; lastKnownFileType = text.plist.xml; path = Info.plist; sourceTree = "<group>"; };
		4B8F56AA2CE20A8C0018E02A /* CopyrightsView.swift */ = {isa = PBXFileReference; lastKnownFileType = sourcecode.swift; path = CopyrightsView.swift; sourceTree = "<group>"; };
		4B8F56AC2CE20D070018E02A /* CenterModifier.swift */ = {isa = PBXFileReference; lastKnownFileType = sourcecode.swift; path = CenterModifier.swift; sourceTree = "<group>"; };
		4BD9CC522CD88D68001D7947 /* covers.json */ = {isa = PBXFileReference; fileEncoding = 4; lastKnownFileType = text.json; path = covers.json; sourceTree = "<group>"; };
		4BD9CC532CD88D68001D7947 /* locations.json */ = {isa = PBXFileReference; fileEncoding = 4; lastKnownFileType = text.json; path = locations.json; sourceTree = "<group>"; };
		4BD9CC542CD88D68001D7947 /* animals.json */ = {isa = PBXFileReference; fileEncoding = 4; lastKnownFileType = text.json; path = animals.json; sourceTree = "<group>"; };
		4BD9CC552CD88D68001D7947 /* videos.json */ = {isa = PBXFileReference; fileEncoding = 4; lastKnownFileType = text.json; path = videos.json; sourceTree = "<group>"; };
		4BD9CC5A2CD88E8A001D7947 /* Info.plist */ = {isa = PBXFileReference; lastKnownFileType = text.plist; path = Info.plist; sourceTree = "<group>"; };
		4BD9CC5C2CD88F9B001D7947 /* VideoListView.swift */ = {isa = PBXFileReference; lastKnownFileType = sourcecode.swift; path = VideoListView.swift; sourceTree = "<group>"; };
		4BD9CC5E2CD88FAB001D7947 /* MapView.swift */ = {isa = PBXFileReference; lastKnownFileType = sourcecode.swift; path = MapView.swift; sourceTree = "<group>"; };
		4BD9CC602CD88FC5001D7947 /* GalleryView.swift */ = {isa = PBXFileReference; lastKnownFileType = sourcecode.swift; path = GalleryView.swift; sourceTree = "<group>"; };
		4BD9CC622CD8902E001D7947 /* MainView.swift */ = {isa = PBXFileReference; lastKnownFileType = sourcecode.swift; path = MainView.swift; sourceTree = "<group>"; };
		4BD9CC652CD895EA001D7947 /* CoverImageView.swift */ = {isa = PBXFileReference; lastKnownFileType = sourcecode.swift; path = CoverImageView.swift; sourceTree = "<group>"; };
		4BD9CC682CD89807001D7947 /* CoverImageModel.swift */ = {isa = PBXFileReference; lastKnownFileType = sourcecode.swift; path = CoverImageModel.swift; sourceTree = "<group>"; };
		4BD9CC6B2CD89A45001D7947 /* Extensions.swift */ = {isa = PBXFileReference; lastKnownFileType = sourcecode.swift; path = Extensions.swift; sourceTree = "<group>"; };
		4BD9CC6D2CD8A362001D7947 /* AnimalListItemView.swift */ = {isa = PBXFileReference; lastKnownFileType = sourcecode.swift; path = AnimalListItemView.swift; sourceTree = "<group>"; };
		4BD9CC6F2CD8A74A001D7947 /* AnimalModel.swift */ = {isa = PBXFileReference; lastKnownFileType = sourcecode.swift; path = AnimalModel.swift; sourceTree = "<group>"; };
		4BED0A772CDB6058006DFADA /* VideoPlayerView.swift */ = {isa = PBXFileReference; lastKnownFileType = sourcecode.swift; path = VideoPlayerView.swift; sourceTree = "<group>"; };
		4BED0A7A2CDB617E006DFADA /* VideoPlayerHelper.swift */ = {isa = PBXFileReference; lastKnownFileType = sourcecode.swift; path = VideoPlayerHelper.swift; sourceTree = "<group>"; };
/* End PBXFileReference section */

/* Begin PBXFrameworksBuildPhase section */
		4B7D2ABA2CD88B5F00EF4E01 /* Frameworks */ = {
			isa = PBXFrameworksBuildPhase;
			buildActionMask = 2147483647;
			files = (
			);
			runOnlyForDeploymentPostprocessing = 0;
		};
/* End PBXFrameworksBuildPhase section */

/* Begin PBXGroup section */
		4B1A32362CD8DC9000C5F66E /* Utils */ = {
			isa = PBXGroup;
			children = (
				4B1A32372CD8DC9D00C5F66E /* Utils.swift */,
			);
			path = Utils;
			sourceTree = "<group>";
		};
		4B7D2AB42CD88B5F00EF4E01 = {
			isa = PBXGroup;
			children = (
				4B7D2ABF2CD88B5F00EF4E01 /* Africa */,
				4B8F569F2CE205750018E02A /* Sticker */,
				4B7D2ABE2CD88B5F00EF4E01 /* Products */,
			);
			sourceTree = "<group>";
		};
		4B7D2ABE2CD88B5F00EF4E01 /* Products */ = {
			isa = PBXGroup;
			children = (
				4B7D2ABD2CD88B5F00EF4E01 /* Africa.app */,
				4B8F569E2CE205750018E02A /* Sticker.appex */,
			);
			name = Products;
			sourceTree = "<group>";
		};
		4B7D2ABF2CD88B5F00EF4E01 /* Africa */ = {
			isa = PBXGroup;
			children = (
				4B8F56AE2CE20D1A0018E02A /* Modifier */,
				4BED0A792CDB6170006DFADA /* Helper */,
				4B1A32362CD8DC9000C5F66E /* Utils */,
				4BD9CC6A2CD89A37001D7947 /* Extensions */,
				4BD9CC5B2CD88F54001D7947 /* App */,
				4BD9CC642CD89550001D7947 /* View */,
				4BD9CC672CD897ED001D7947 /* Model */,
				4BD9CC512CD88D56001D7947 /* Data */,
				4B7D2ACE2CD88CD000EF4E01 /* Video */,
				4BD9CC5A2CD88E8A001D7947 /* Info.plist */,
				4B7D2AC42CD88B5F00EF4E01 /* Assets.xcassets */,
				4B7D2AC62CD88B5F00EF4E01 /* Preview Content */,
			);
			path = Africa;
			sourceTree = "<group>";
		};
		4B7D2AC62CD88B5F00EF4E01 /* Preview Content */ = {
			isa = PBXGroup;
			children = (
				4B7D2AC72CD88B5F00EF4E01 /* Preview Assets.xcassets */,
			);
			path = "Preview Content";
			sourceTree = "<group>";
		};
		4B7D2ACE2CD88CD000EF4E01 /* Video */ = {
			isa = PBXGroup;
			children = (
				4B7D2AD32CD88CF300EF4E01 /* cheetah.mp4 */,
				4B7D2AD82CD88CF300EF4E01 /* elephant.mp4 */,
				4B7D2ACF2CD88CF300EF4E01 /* giraffe.mp4 */,
				4B7D2AD02CD88CF300EF4E01 /* gorilla.mp4 */,
				4B7D2AD42CD88CF300EF4E01 /* hippo.mp4 */,
				4B7D2AD62CD88CF300EF4E01 /* lion.mp4 */,
				4B7D2AD52CD88CF300EF4E01 /* lioness.mp4 */,
				4B7D2AD12CD88CF300EF4E01 /* ostrich.mp4 */,
				4B7D2AD72CD88CF300EF4E01 /* rhino.mp4 */,
				4B7D2AD22CD88CF300EF4E01 /* zebra.mp4 */,
			);
			path = Video;
			sourceTree = "<group>";
		};
		4B8F569F2CE205750018E02A /* Sticker */ = {
			isa = PBXGroup;
			children = (
				4B8F56A02CE205760018E02A /* Stickers.xcassets */,
				4B8F56A22CE205760018E02A /* Info.plist */,
			);
			path = Sticker;
			sourceTree = "<group>";
		};
		4B8F56AE2CE20D1A0018E02A /* Modifier */ = {
			isa = PBXGroup;
			children = (
				4B8F56AC2CE20D070018E02A /* CenterModifier.swift */,
			);
			path = Modifier;
			sourceTree = "<group>";
		};
		4BD9CC512CD88D56001D7947 /* Data */ = {
			isa = PBXGroup;
			children = (
				4BD9CC542CD88D68001D7947 /* animals.json */,
				4BD9CC522CD88D68001D7947 /* covers.json */,
				4BD9CC532CD88D68001D7947 /* locations.json */,
				4BD9CC552CD88D68001D7947 /* videos.json */,
			);
			path = Data;
			sourceTree = "<group>";
		};
		4BD9CC5B2CD88F54001D7947 /* App */ = {
			isa = PBXGroup;
			children = (
				4B7D2AC02CD88B5F00EF4E01 /* AfricaApp.swift */,
				4B7D2AC22CD88B5F00EF4E01 /* ContentView.swift */,
				4BD9CC5C2CD88F9B001D7947 /* VideoListView.swift */,
				4BD9CC5E2CD88FAB001D7947 /* MapView.swift */,
				4BD9CC602CD88FC5001D7947 /* GalleryView.swift */,
				4BD9CC622CD8902E001D7947 /* MainView.swift */,
			);
			path = App;
			sourceTree = "<group>";
		};
		4BD9CC642CD89550001D7947 /* View */ = {
			isa = PBXGroup;
			children = (
				4BD9CC652CD895EA001D7947 /* CoverImageView.swift */,
				4BD9CC6D2CD8A362001D7947 /* AnimalListItemView.swift */,
				4B1A32342CD8DC5600C5F66E /* AnimalDetailView.swift */,
				4B4C31D72CD9DD72007270DE /* HeadingView.swift */,
				4B4C31DB2CD9DEEA007270DE /* InsertGalleryView.swift */,
				4B4C31DD2CD9E532007270DE /* InsertFactView.swift */,
				4B4DA9902CDB2A2F00A966C1 /* InsertMapView.swift */,
				4B4DA9922CDB369F00A966C1 /* ExternalWebLinkView.swift */,
				4B4DA9962CDB3EE900A966C1 /* VideoListItemView.swift */,
				4BED0A772CDB6058006DFADA /* VideoPlayerView.swift */,
				4B75449B2CDC846900C0EE86 /* MapAnnotationView.swift */,
				4B75449D2CDC96DA00C0EE86 /* MotionAnimationView.swift */,
				4B8F569A2CE1F90C0018E02A /* AnimalGridItemView.swift */,
				4B8F56AA2CE20A8C0018E02A /* CopyrightsView.swift */,
			);
			path = View;
			sourceTree = "<group>";
		};
		4BD9CC672CD897ED001D7947 /* Model */ = {
			isa = PBXGroup;
			children = (
				4BD9CC682CD89807001D7947 /* CoverImageModel.swift */,
				4BD9CC6F2CD8A74A001D7947 /* AnimalModel.swift */,
				4B4DA9942CDB3E3700A966C1 /* VideoModel.swift */,
				4B7544992CDC7A8700C0EE86 /* LocationModel.swift */,
			);
			path = Model;
			sourceTree = "<group>";
		};
		4BD9CC6A2CD89A37001D7947 /* Extensions */ = {
			isa = PBXGroup;
			children = (
				4BD9CC6B2CD89A45001D7947 /* Extensions.swift */,
			);
			path = Extensions;
			sourceTree = "<group>";
		};
		4BED0A792CDB6170006DFADA /* Helper */ = {
			isa = PBXGroup;
			children = (
				4BED0A7A2CDB617E006DFADA /* VideoPlayerHelper.swift */,
			);
			path = Helper;
			sourceTree = "<group>";
		};
/* End PBXGroup section */

/* Begin PBXNativeTarget section */
		4B7D2ABC2CD88B5F00EF4E01 /* Africa */ = {
			isa = PBXNativeTarget;
			buildConfigurationList = 4B7D2ACB2CD88B5F00EF4E01 /* Build configuration list for PBXNativeTarget "Africa" */;
			buildPhases = (
				4B7D2AB92CD88B5F00EF4E01 /* Sources */,
				4B7D2ABA2CD88B5F00EF4E01 /* Frameworks */,
				4B7D2ABB2CD88B5F00EF4E01 /* Resources */,
				4B8F56A92CE205760018E02A /* Embed Foundation Extensions */,
			);
			buildRules = (
			);
			dependencies = (
				4B8F56A42CE205760018E02A /* PBXTargetDependency */,
			);
			name = Africa;
			productName = Africa;
			productReference = 4B7D2ABD2CD88B5F00EF4E01 /* Africa.app */;
			productType = "com.apple.product-type.application";
		};
		4B8F569D2CE205750018E02A /* Sticker */ = {
			isa = PBXNativeTarget;
			buildConfigurationList = 4B8F56A62CE205760018E02A /* Build configuration list for PBXNativeTarget "Sticker" */;
			buildPhases = (
				4B8F569C2CE205750018E02A /* Resources */,
			);
			buildRules = (
			);
			dependencies = (
			);
			name = Sticker;
			productName = Sticker;
			productReference = 4B8F569E2CE205750018E02A /* Sticker.appex */;
			productType = "com.apple.product-type.app-extension.messages-sticker-pack";
		};
/* End PBXNativeTarget section */

/* Begin PBXProject section */
		4B7D2AB52CD88B5F00EF4E01 /* Project object */ = {
			isa = PBXProject;
			attributes = {
				BuildIndependentTargetsInParallel = 1;
				LastSwiftUpdateCheck = 1540;
				LastUpgradeCheck = 1540;
				TargetAttributes = {
					4B7D2ABC2CD88B5F00EF4E01 = {
						CreatedOnToolsVersion = 15.4;
					};
					4B8F569D2CE205750018E02A = {
						CreatedOnToolsVersion = 15.4;
					};
				};
			};
			buildConfigurationList = 4B7D2AB82CD88B5F00EF4E01 /* Build configuration list for PBXProject "Africa" */;
			compatibilityVersion = "Xcode 14.0";
			developmentRegion = en;
			hasScannedForEncodings = 0;
			knownRegions = (
				en,
				Base,
			);
			mainGroup = 4B7D2AB42CD88B5F00EF4E01;
			productRefGroup = 4B7D2ABE2CD88B5F00EF4E01 /* Products */;
			projectDirPath = "";
			projectRoot = "";
			targets = (
				4B7D2ABC2CD88B5F00EF4E01 /* Africa */,
				4B8F569D2CE205750018E02A /* Sticker */,
			);
		};
/* End PBXProject section */

/* Begin PBXResourcesBuildPhase section */
		4B7D2ABB2CD88B5F00EF4E01 /* Resources */ = {
			isa = PBXResourcesBuildPhase;
			buildActionMask = 2147483647;
			files = (
				4BD9CC582CD88D68001D7947 /* animals.json in Resources */,
				4BD9CC572CD88D68001D7947 /* locations.json in Resources */,
				4BD9CC562CD88D68001D7947 /* covers.json in Resources */,
				4B7D2ADE2CD88CF300EF4E01 /* hippo.mp4 in Resources */,
				4B7D2ADA2CD88CF300EF4E01 /* gorilla.mp4 in Resources */,
				4B7D2ADF2CD88CF300EF4E01 /* lioness.mp4 in Resources */,
				4B7D2AE02CD88CF300EF4E01 /* lion.mp4 in Resources */,
				4B7D2AC82CD88B5F00EF4E01 /* Preview Assets.xcassets in Resources */,
				4B7D2AC52CD88B5F00EF4E01 /* Assets.xcassets in Resources */,
				4B7D2ADB2CD88CF300EF4E01 /* ostrich.mp4 in Resources */,
				4B7D2ADC2CD88CF300EF4E01 /* zebra.mp4 in Resources */,
				4B7D2AE22CD88CF300EF4E01 /* elephant.mp4 in Resources */,
				4B7D2AD92CD88CF300EF4E01 /* giraffe.mp4 in Resources */,
				4BD9CC592CD88D68001D7947 /* videos.json in Resources */,
				4B7D2AE12CD88CF300EF4E01 /* rhino.mp4 in Resources */,
				4B7D2ADD2CD88CF300EF4E01 /* cheetah.mp4 in Resources */,
			);
			runOnlyForDeploymentPostprocessing = 0;
		};
		4B8F569C2CE205750018E02A /* Resources */ = {
			isa = PBXResourcesBuildPhase;
			buildActionMask = 2147483647;
			files = (
				4B8F56A12CE205760018E02A /* Stickers.xcassets in Resources */,
			);
			runOnlyForDeploymentPostprocessing = 0;
		};
/* End PBXResourcesBuildPhase section */

/* Begin PBXSourcesBuildPhase section */
		4B7D2AB92CD88B5F00EF4E01 /* Sources */ = {
			isa = PBXSourcesBuildPhase;
			buildActionMask = 2147483647;
			files = (
				4B4DA9972CDB3EE900A966C1 /* VideoListItemView.swift in Sources */,
				4B7D2AC32CD88B5F00EF4E01 /* ContentView.swift in Sources */,
				4B4DA9912CDB2A2F00A966C1 /* InsertMapView.swift in Sources */,
				4B8F56AD2CE20D070018E02A /* CenterModifier.swift in Sources */,
				4B75449A2CDC7A8700C0EE86 /* LocationModel.swift in Sources */,
				4BD9CC6E2CD8A362001D7947 /* AnimalListItemView.swift in Sources */,
				4B8F569B2CE1F90C0018E02A /* AnimalGridItemView.swift in Sources */,
				4BD9CC6C2CD89A45001D7947 /* Extensions.swift in Sources */,
				4B75449C2CDC846900C0EE86 /* MapAnnotationView.swift in Sources */,
				4BD9CC632CD8902E001D7947 /* MainView.swift in Sources */,
				4B4C31DC2CD9DEEA007270DE /* InsertGalleryView.swift in Sources */,
				4BD9CC662CD895EA001D7947 /* CoverImageView.swift in Sources */,
				4B4C31D82CD9DD72007270DE /* HeadingView.swift in Sources */,
				4B1A32382CD8DC9D00C5F66E /* Utils.swift in Sources */,
				4B1A32352CD8DC5600C5F66E /* AnimalDetailView.swift in Sources */,
				4B4DA9932CDB369F00A966C1 /* ExternalWebLinkView.swift in Sources */,
				4B4DA9952CDB3E3700A966C1 /* VideoModel.swift in Sources */,
				4BD9CC702CD8A74A001D7947 /* AnimalModel.swift in Sources */,
				4BD9CC692CD89807001D7947 /* CoverImageModel.swift in Sources */,
				4BD9CC5F2CD88FAB001D7947 /* MapView.swift in Sources */,
				4B7D2AC12CD88B5F00EF4E01 /* AfricaApp.swift in Sources */,
				4B4C31DE2CD9E532007270DE /* InsertFactView.swift in Sources */,
				4BD9CC5D2CD88F9B001D7947 /* VideoListView.swift in Sources */,
				4BD9CC612CD88FC5001D7947 /* GalleryView.swift in Sources */,
				4BED0A7B2CDB617E006DFADA /* VideoPlayerHelper.swift in Sources */,
				4B8F56AB2CE20A8C0018E02A /* CopyrightsView.swift in Sources */,
				4BED0A782CDB6058006DFADA /* VideoPlayerView.swift in Sources */,
				4B75449E2CDC96DB00C0EE86 /* MotionAnimationView.swift in Sources */,
			);
			runOnlyForDeploymentPostprocessing = 0;
		};
/* End PBXSourcesBuildPhase section */

/* Begin PBXTargetDependency section */
		4B8F56A42CE205760018E02A /* PBXTargetDependency */ = {
			isa = PBXTargetDependency;
			target = 4B8F569D2CE205750018E02A /* Sticker */;
			targetProxy = 4B8F56A32CE205760018E02A /* PBXContainerItemProxy */;
		};
/* End PBXTargetDependency section */

/* Begin XCBuildConfiguration section */
		4B7D2AC92CD88B5F00EF4E01 /* Debug */ = {
			isa = XCBuildConfiguration;
			buildSettings = {
				ALWAYS_SEARCH_USER_PATHS = NO;
				ASSETCATALOG_COMPILER_GENERATE_SWIFT_ASSET_SYMBOL_EXTENSIONS = YES;
				CLANG_ANALYZER_NONNULL = YES;
				CLANG_ANALYZER_NUMBER_OBJECT_CONVERSION = YES_AGGRESSIVE;
				CLANG_CXX_LANGUAGE_STANDARD = "gnu++20";
				CLANG_ENABLE_MODULES = YES;
				CLANG_ENABLE_OBJC_ARC = YES;
				CLANG_ENABLE_OBJC_WEAK = YES;
				CLANG_WARN_BLOCK_CAPTURE_AUTORELEASING = YES;
				CLANG_WARN_BOOL_CONVERSION = YES;
				CLANG_WARN_COMMA = YES;
				CLANG_WARN_CONSTANT_CONVERSION = YES;
				CLANG_WARN_DEPRECATED_OBJC_IMPLEMENTATIONS = YES;
				CLANG_WARN_DIRECT_OBJC_ISA_USAGE = YES_ERROR;
				CLANG_WARN_DOCUMENTATION_COMMENTS = YES;
				CLANG_WARN_EMPTY_BODY = YES;
				CLANG_WARN_ENUM_CONVERSION = YES;
				CLANG_WARN_INFINITE_RECURSION = YES;
				CLANG_WARN_INT_CONVERSION = YES;
				CLANG_WARN_NON_LITERAL_NULL_CONVERSION = YES;
				CLANG_WARN_OBJC_IMPLICIT_RETAIN_SELF = YES;
				CLANG_WARN_OBJC_LITERAL_CONVERSION = YES;
				CLANG_WARN_OBJC_ROOT_CLASS = YES_ERROR;
				CLANG_WARN_QUOTED_INCLUDE_IN_FRAMEWORK_HEADER = YES;
				CLANG_WARN_RANGE_LOOP_ANALYSIS = YES;
				CLANG_WARN_STRICT_PROTOTYPES = YES;
				CLANG_WARN_SUSPICIOUS_MOVE = YES;
				CLANG_WARN_UNGUARDED_AVAILABILITY = YES_AGGRESSIVE;
				CLANG_WARN_UNREACHABLE_CODE = YES;
				CLANG_WARN__DUPLICATE_METHOD_MATCH = YES;
				COPY_PHASE_STRIP = NO;
				DEBUG_INFORMATION_FORMAT = dwarf;
				ENABLE_STRICT_OBJC_MSGSEND = YES;
				ENABLE_TESTABILITY = YES;
				ENABLE_USER_SCRIPT_SANDBOXING = YES;
				GCC_C_LANGUAGE_STANDARD = gnu17;
				GCC_DYNAMIC_NO_PIC = NO;
				GCC_NO_COMMON_BLOCKS = YES;
				GCC_OPTIMIZATION_LEVEL = 0;
				GCC_PREPROCESSOR_DEFINITIONS = (
					"DEBUG=1",
					"$(inherited)",
				);
				GCC_WARN_64_TO_32_BIT_CONVERSION = YES;
				GCC_WARN_ABOUT_RETURN_TYPE = YES_ERROR;
				GCC_WARN_UNDECLARED_SELECTOR = YES;
				GCC_WARN_UNINITIALIZED_AUTOS = YES_AGGRESSIVE;
				GCC_WARN_UNUSED_FUNCTION = YES;
				GCC_WARN_UNUSED_VARIABLE = YES;
				IPHONEOS_DEPLOYMENT_TARGET = 17.5;
				LOCALIZATION_PREFERS_STRING_CATALOGS = YES;
				MTL_ENABLE_DEBUG_INFO = INCLUDE_SOURCE;
				MTL_FAST_MATH = YES;
				ONLY_ACTIVE_ARCH = YES;
				SDKROOT = iphoneos;
				SWIFT_ACTIVE_COMPILATION_CONDITIONS = "DEBUG $(inherited)";
				SWIFT_OPTIMIZATION_LEVEL = "-Onone";
			};
			name = Debug;
		};
		4B7D2ACA2CD88B5F00EF4E01 /* Release */ = {
			isa = XCBuildConfiguration;
			buildSettings = {
				ALWAYS_SEARCH_USER_PATHS = NO;
				ASSETCATALOG_COMPILER_GENERATE_SWIFT_ASSET_SYMBOL_EXTENSIONS = YES;
				CLANG_ANALYZER_NONNULL = YES;
				CLANG_ANALYZER_NUMBER_OBJECT_CONVERSION = YES_AGGRESSIVE;
				CLANG_CXX_LANGUAGE_STANDARD = "gnu++20";
				CLANG_ENABLE_MODULES = YES;
				CLANG_ENABLE_OBJC_ARC = YES;
				CLANG_ENABLE_OBJC_WEAK = YES;
				CLANG_WARN_BLOCK_CAPTURE_AUTORELEASING = YES;
				CLANG_WARN_BOOL_CONVERSION = YES;
				CLANG_WARN_COMMA = YES;
				CLANG_WARN_CONSTANT_CONVERSION = YES;
				CLANG_WARN_DEPRECATED_OBJC_IMPLEMENTATIONS = YES;
				CLANG_WARN_DIRECT_OBJC_ISA_USAGE = YES_ERROR;
				CLANG_WARN_DOCUMENTATION_COMMENTS = YES;
				CLANG_WARN_EMPTY_BODY = YES;
				CLANG_WARN_ENUM_CONVERSION = YES;
				CLANG_WARN_INFINITE_RECURSION = YES;
				CLANG_WARN_INT_CONVERSION = YES;
				CLANG_WARN_NON_LITERAL_NULL_CONVERSION = YES;
				CLANG_WARN_OBJC_IMPLICIT_RETAIN_SELF = YES;
				CLANG_WARN_OBJC_LITERAL_CONVERSION = YES;
				CLANG_WARN_OBJC_ROOT_CLASS = YES_ERROR;
				CLANG_WARN_QUOTED_INCLUDE_IN_FRAMEWORK_HEADER = YES;
				CLANG_WARN_RANGE_LOOP_ANALYSIS = YES;
				CLANG_WARN_STRICT_PROTOTYPES = YES;
				CLANG_WARN_SUSPICIOUS_MOVE = YES;
				CLANG_WARN_UNGUARDED_AVAILABILITY = YES_AGGRESSIVE;
				CLANG_WARN_UNREACHABLE_CODE = YES;
				CLANG_WARN__DUPLICATE_METHOD_MATCH = YES;
				COPY_PHASE_STRIP = NO;
				DEBUG_INFORMATION_FORMAT = "dwarf-with-dsym";
				ENABLE_NS_ASSERTIONS = NO;
				ENABLE_STRICT_OBJC_MSGSEND = YES;
				ENABLE_USER_SCRIPT_SANDBOXING = YES;
				GCC_C_LANGUAGE_STANDARD = gnu17;
				GCC_NO_COMMON_BLOCKS = YES;
				GCC_WARN_64_TO_32_BIT_CONVERSION = YES;
				GCC_WARN_ABOUT_RETURN_TYPE = YES_ERROR;
				GCC_WARN_UNDECLARED_SELECTOR = YES;
				GCC_WARN_UNINITIALIZED_AUTOS = YES_AGGRESSIVE;
				GCC_WARN_UNUSED_FUNCTION = YES;
				GCC_WARN_UNUSED_VARIABLE = YES;
				IPHONEOS_DEPLOYMENT_TARGET = 17.5;
				LOCALIZATION_PREFERS_STRING_CATALOGS = YES;
				MTL_ENABLE_DEBUG_INFO = NO;
				MTL_FAST_MATH = YES;
				SDKROOT = iphoneos;
				SWIFT_COMPILATION_MODE = wholemodule;
				VALIDATE_PRODUCT = YES;
			};
			name = Release;
		};
		4B7D2ACC2CD88B5F00EF4E01 /* Debug */ = {
			isa = XCBuildConfiguration;
			buildSettings = {
				ASSETCATALOG_COMPILER_APPICON_NAME = AppIcon;
				ASSETCATALOG_COMPILER_GLOBAL_ACCENT_COLOR_NAME = AccentColor;
				CODE_SIGN_STYLE = Automatic;
				CURRENT_PROJECT_VERSION = 1;
				DEVELOPMENT_ASSET_PATHS = "\"Africa/Preview Content\"";
				ENABLE_PREVIEWS = YES;
				GENERATE_INFOPLIST_FILE = YES;
				INFOPLIST_FILE = Africa/Info.plist;
				INFOPLIST_KEY_UIApplicationSceneManifest_Generation = YES;
				INFOPLIST_KEY_UIApplicationSupportsIndirectInputEvents = YES;
				INFOPLIST_KEY_UISupportedInterfaceOrientations_iPad = "UIInterfaceOrientationPortrait UIInterfaceOrientationPortraitUpsideDown UIInterfaceOrientationLandscapeLeft UIInterfaceOrientationLandscapeRight";
				INFOPLIST_KEY_UISupportedInterfaceOrientations_iPhone = "UIInterfaceOrientationPortrait UIInterfaceOrientationLandscapeLeft UIInterfaceOrientationLandscapeRight";
				INFOPLIST_KEY_UIUserInterfaceStyle = Dark;
				LD_RUNPATH_SEARCH_PATHS = (
					"$(inherited)",
					"@executable_path/Frameworks",
				);
				MARKETING_VERSION = 1.0;
				PRODUCT_BUNDLE_IDENTIFIER = com.adwait.Africa;
				PRODUCT_NAME = "$(TARGET_NAME)";
				SWIFT_EMIT_LOC_STRINGS = YES;
				SWIFT_VERSION = 5.0;
				TARGETED_DEVICE_FAMILY = "1,2";
			};
			name = Debug;
		};
		4B7D2ACD2CD88B5F00EF4E01 /* Release */ = {
			isa = XCBuildConfiguration;
			buildSettings = {
				ASSETCATALOG_COMPILER_APPICON_NAME = AppIcon;
				ASSETCATALOG_COMPILER_GLOBAL_ACCENT_COLOR_NAME = AccentColor;
				CODE_SIGN_STYLE = Automatic;
				CURRENT_PROJECT_VERSION = 1;
				DEVELOPMENT_ASSET_PATHS = "\"Africa/Preview Content\"";
				ENABLE_PREVIEWS = YES;
				GENERATE_INFOPLIST_FILE = YES;
				INFOPLIST_FILE = Africa/Info.plist;
				INFOPLIST_KEY_UIApplicationSceneManifest_Generation = YES;
				INFOPLIST_KEY_UIApplicationSupportsIndirectInputEvents = YES;
				INFOPLIST_KEY_UISupportedInterfaceOrientations_iPad = "UIInterfaceOrientationPortrait UIInterfaceOrientationPortraitUpsideDown UIInterfaceOrientationLandscapeLeft UIInterfaceOrientationLandscapeRight";
				INFOPLIST_KEY_UISupportedInterfaceOrientations_iPhone = "UIInterfaceOrientationPortrait UIInterfaceOrientationLandscapeLeft UIInterfaceOrientationLandscapeRight";
				INFOPLIST_KEY_UIUserInterfaceStyle = Dark;
				LD_RUNPATH_SEARCH_PATHS = (
					"$(inherited)",
					"@executable_path/Frameworks",
				);
				MARKETING_VERSION = 1.0;
				PRODUCT_BUNDLE_IDENTIFIER = com.adwait.Africa;
				PRODUCT_NAME = "$(TARGET_NAME)";
				SWIFT_EMIT_LOC_STRINGS = YES;
				SWIFT_VERSION = 5.0;
				TARGETED_DEVICE_FAMILY = "1,2";
			};
			name = Release;
		};
		4B8F56A72CE205760018E02A /* Debug */ = {
			isa = XCBuildConfiguration;
			buildSettings = {
				ASSETCATALOG_COMPILER_APPICON_NAME = "iMessage App Icon";
				CODE_SIGN_STYLE = Automatic;
				CURRENT_PROJECT_VERSION = 1;
				GENERATE_INFOPLIST_FILE = YES;
				INFOPLIST_FILE = Sticker/Info.plist;
				INFOPLIST_KEY_NSStickerSharingLevel = OS;
				MARKETING_VERSION = 1.0;
				PRODUCT_BUNDLE_IDENTIFIER = com.adwait.Africa.Sticker;
				PRODUCT_NAME = "$(TARGET_NAME)";
				SKIP_INSTALL = YES;
				SWIFT_EMIT_LOC_STRINGS = YES;
				TARGETED_DEVICE_FAMILY = "1,2";
			};
			name = Debug;
		};
		4B8F56A82CE205760018E02A /* Release */ = {
			isa = XCBuildConfiguration;
			buildSettings = {
				ASSETCATALOG_COMPILER_APPICON_NAME = "iMessage App Icon";
				CODE_SIGN_STYLE = Automatic;
				CURRENT_PROJECT_VERSION = 1;
				GENERATE_INFOPLIST_FILE = YES;
				INFOPLIST_FILE = Sticker/Info.plist;
				INFOPLIST_KEY_NSStickerSharingLevel = OS;
				MARKETING_VERSION = 1.0;
				PRODUCT_BUNDLE_IDENTIFIER = com.adwait.Africa.Sticker;
				PRODUCT_NAME = "$(TARGET_NAME)";
				SKIP_INSTALL = YES;
				SWIFT_EMIT_LOC_STRINGS = YES;
				TARGETED_DEVICE_FAMILY = "1,2";
			};
			name = Release;
		};
/* End XCBuildConfiguration section */

/* Begin XCConfigurationList section */
		4B7D2AB82CD88B5F00EF4E01 /* Build configuration list for PBXProject "Africa" */ = {
			isa = XCConfigurationList;
			buildConfigurations = (
				4B7D2AC92CD88B5F00EF4E01 /* Debug */,
				4B7D2ACA2CD88B5F00EF4E01 /* Release */,
			);
			defaultConfigurationIsVisible = 0;
			defaultConfigurationName = Release;
		};
		4B7D2ACB2CD88B5F00EF4E01 /* Build configuration list for PBXNativeTarget "Africa" */ = {
			isa = XCConfigurationList;
			buildConfigurations = (
				4B7D2ACC2CD88B5F00EF4E01 /* Debug */,
				4B7D2ACD2CD88B5F00EF4E01 /* Release */,
			);
			defaultConfigurationIsVisible = 0;
			defaultConfigurationName = Release;
		};
		4B8F56A62CE205760018E02A /* Build configuration list for PBXNativeTarget "Sticker" */ = {
			isa = XCConfigurationList;
			buildConfigurations = (
				4B8F56A72CE205760018E02A /* Debug */,
				4B8F56A82CE205760018E02A /* Release */,
			);
			defaultConfigurationIsVisible = 0;
			defaultConfigurationName = Release;
		};
/* End XCConfigurationList section */
	};
	rootObject = 4B7D2AB52CD88B5F00EF4E01 /* Project object */;
}
